
Microsoft Visual Studio Solution File, Format Version 12.00
# Visual Studio Version 17
VisualStudioVersion = 17.13.35825.156
MinimumVisualStudioVersion = 10.0.40219.1
Project("{FAE04EC0-301F-11D3-BF4B-00C04F79EFBC}") = "SchoolPortal.Domain", "SchoolPortal.Domain\SchoolPortal.Domain.csproj", "{40025783-4D18-408B-A5FA-30ED6032DD2F}"
EndProject
Project("{FAE04EC0-301F-11D3-BF4B-00C04F79EFBC}") = "SchoolPortal.Infrastructure", "SchoolPortal.Infrastructure\SchoolPortal.Infrastructure.csproj", "{65377802-A07E-4227-A45A-C3CF11710E6A}"
EndProject
Project("{FAE04EC0-301F-11D3-BF4B-00C04F79EFBC}") = "SchoolPortal.Application", "SchoolPortal.Application\SchoolPortal.Application.csproj", "{6E9EA26A-4703-4334-8E95-7386F636399E}"
EndProject
Global
	GlobalSection(SolutionConfigurationPlatforms) = preSolution
		Debug|Any CPU = Debug|Any CPU
		Release|Any CPU = Release|Any CPU
	EndGlobalSection
	GlobalSection(ProjectConfigurationPlatforms) = postSolution
		{40025783-4D18-408B-A5FA-30ED6032DD2F}.Debug|Any CPU.ActiveCfg = Debug|Any CPU
		{40025783-4D18-408B-A5FA-30ED6032DD2F}.Debug|Any CPU.Build.0 = Debug|Any CPU
		{40025783-4D18-408B-A5FA-30ED6032DD2F}.Release|Any CPU.ActiveCfg = Release|Any CPU
		{40025783-4D18-408B-A5FA-30ED6032DD2F}.Release|Any CPU.Build.0 = Release|Any CPU
		{65377802-A07E-4227-A45A-C3CF11710E6A}.Debug|Any CPU.ActiveCfg = Debug|Any CPU
		{65377802-A07E-4227-A45A-C3CF11710E6A}.Debug|Any CPU.Build.0 = Debug|Any CPU
		{65377802-A07E-4227-A45A-C3CF11710E6A}.Release|Any CPU.ActiveCfg = Release|Any CPU
		{65377802-A07E-4227-A45A-C3CF11710E6A}.Release|Any CPU.Build.0 = Release|Any CPU
		{6E9EA26A-4703-4334-8E95-7386F636399E}.Debug|Any CPU.ActiveCfg = Debug|Any CPU
		{6E9EA26A-4703-4334-8E95-7386F636399E}.Debug|Any CPU.Build.0 = Debug|Any CPU
		{6E9EA26A-4703-4334-8E95-7386F636399E}.Release|Any CPU.ActiveCfg = Release|Any CPU
		{6E9EA26A-4703-4334-8E95-7386F636399E}.Release|Any CPU.Build.0 = Release|Any CPU
	EndGlobalSection
	GlobalSection(SolutionProperties) = preSolution
		HideSolutionNode = FALSE
	EndGlobalSection
	GlobalSection(ExtensibilityGlobals) = postSolution
		SolutionGuid = {42674239-D8C6-449B-BAD2-8AF6F18005AE}
	EndGlobalSection
EndGlobal
